
Microsoft Visual Studio Solution File, Format Version 12.00
Project("{FAE04EC0-301F-11D3-BF4B-00C04F79EFBC}") = "AspNetCoreFeature", "AspNetCoreFeature\AspNetCoreFeature.csproj", "{BB860765-3D0F-48A7-8979-7B9C5CEEA28B}"
EndProject
Project("{FAE04EC0-301F-11D3-BF4B-00C04F79EFBC}") = "AspNetCoreFeatureTests", "AspNetCoreFeatureTests\AspNetCoreFeatureTests.csproj", "{D58F6CD9-6BFD-4C82-9A66-1B13E7106ADA}"
EndProject
Global
	GlobalSection(SolutionConfigurationPlatforms) = preSolution
		Debug|Any CPU = Debug|Any CPU
		Release|Any CPU = Release|Any CPU
	EndGlobalSection
	GlobalSection(ProjectConfigurationPlatforms) = postSolution
		{BB860765-3D0F-48A7-8979-7B9C5CEEA28B}.Debug|Any CPU.ActiveCfg = Debug|Any CPU
		{BB860765-3D0F-48A7-8979-7B9C5CEEA28B}.Debug|Any CPU.Build.0 = Debug|Any CPU
		{BB860765-3D0F-48A7-8979-7B9C5CEEA28B}.Release|Any CPU.ActiveCfg = Release|Any CPU
		{BB860765-3D0F-48A7-8979-7B9C5CEEA28B}.Release|Any CPU.Build.0 = Release|Any CPU
		{D58F6CD9-6BFD-4C82-9A66-1B13E7106ADA}.Debug|Any CPU.ActiveCfg = Debug|Any CPU
		{D58F6CD9-6BFD-4C82-9A66-1B13E7106ADA}.Debug|Any CPU.Build.0 = Debug|Any CPU
		{D58F6CD9-6BFD-4C82-9A66-1B13E7106ADA}.Release|Any CPU.ActiveCfg = Release|Any CPU
		{D58F6CD9-6BFD-4C82-9A66-1B13E7106ADA}.Release|Any CPU.Build.0 = Release|Any CPU
	EndGlobalSection
EndGlobal
